
Microsoft Visual Studio Solution File, Format Version 12.00
# Visual Studio Version 17
VisualStudioVersion = 17.2.32602.215
MinimumVisualStudioVersion = 10.0.40219.1
Project("{FAE04EC0-301F-11D3-BF4B-00C04F79EFBC}") = "MyTestProject", "MyTestProject\MyTestProject.csproj", "{329BE49B-D63B-4C57-A338-3324C257E828}"
EndProject
Global
	GlobalSection(SolutionConfigurationPlatforms) = preSolution
		Debug|Any CPU = Debug|Any CPU
		Release|Any CPU = Release|Any CPU
	EndGlobalSection
	GlobalSection(ProjectConfigurationPlatforms) = postSolution
		{329BE49B-D63B-4C57-A338-3324C257E828}.Debug|Any CPU.ActiveCfg = Debug|Any CPU
		{329BE49B-D63B-4C57-A338-3324C257E828}.Debug|Any CPU.Build.0 = Debug|Any CPU
		{329BE49B-D63B-4C57-A338-3324C257E828}.Release|Any CPU.ActiveCfg = Release|Any CPU
		{329BE49B-D63B-4C57-A338-3324C257E828}.Release|Any CPU.Build.0 = Release|Any CPU
	EndGlobalSection
	GlobalSection(SolutionProperties) = preSolution
		HideSolutionNode = FALSE
	EndGlobalSection
	GlobalSection(ExtensibilityGlobals) = postSolution
		SolutionGuid = {E901733C-BFA8-410C-A633-BC6811BEB575}
	EndGlobalSection
EndGlobal
